
Microsoft Visual Studio Solution File, Format Version 12.00
# Visual Studio Version 17
VisualStudioVersion = 17.0.32014.148
MinimumVisualStudioVersion = 10.0.40219.1
Project("{FAE04EC0-301F-11D3-BF4B-00C04F79EFBC}") = "Adventure_Game", "Adventure_Game\Adventure_Game.csproj", "{BF2FD652-E7B6-4345-83B9-56222E9B9CB8}"
EndProject
Global
	GlobalSection(SolutionConfigurationPlatforms) = preSolution
		Debug|Any CPU = Debug|Any CPU
		Release|Any CPU = Release|Any CPU
	EndGlobalSection
	GlobalSection(ProjectConfigurationPlatforms) = postSolution
		{BF2FD652-E7B6-4345-83B9-56222E9B9CB8}.Debug|Any CPU.ActiveCfg = Debug|Any CPU
		{BF2FD652-E7B6-4345-83B9-56222E9B9CB8}.Debug|Any CPU.Build.0 = Debug|Any CPU
		{BF2FD652-E7B6-4345-83B9-56222E9B9CB8}.Release|Any CPU.ActiveCfg = Release|Any CPU
		{BF2FD652-E7B6-4345-83B9-56222E9B9CB8}.Release|Any CPU.Build.0 = Release|Any CPU
	EndGlobalSection
	GlobalSection(SolutionProperties) = preSolution
		HideSolutionNode = FALSE
	EndGlobalSection
	GlobalSection(ExtensibilityGlobals) = postSolution
		SolutionGuid = {787F4D5D-844D-4CB6-9E53-BAF93E0029B9}
	EndGlobalSection
EndGlobal
